
Microsoft Visual Studio Solution File, Format Version 12.00
# Visual Studio Version 17
VisualStudioVersion = 17.14.36623.8
MinimumVisualStudioVersion = 10.0.40219.1
Project("{FAE04EC0-301F-11D3-BF4B-00C04F79EFBC}") = "SelfAspNet", "SelfAspNet.csproj", "{393B6BB5-D4E1-4020-9AE5-6E0FCE8EEE99}"
EndProject
Project("{FAE04EC0-301F-11D3-BF4B-00C04F79EFBC}") = "SelfAspNetIdentity", "..\SelfAspNetIdentity\SelfAspNetIdentity.csproj", "{0F9BFB15-16C7-4C5E-8704-744EA9167D87}"
EndProject
Project("{FAE04EC0-301F-11D3-BF4B-00C04F79EFBC}") = "SelfAspNetApi", "..\SelfAspNetApi\SelfAspNetApi.csproj", "{845E8548-B1A9-43F3-8E87-850FCDE246EF}"
EndProject
Global
	GlobalSection(SolutionConfigurationPlatforms) = preSolution
		Debug|Any CPU = Debug|Any CPU
		Release|Any CPU = Release|Any CPU
	EndGlobalSection
	GlobalSection(ProjectConfigurationPlatforms) = postSolution
		{393B6BB5-D4E1-4020-9AE5-6E0FCE8EEE99}.Debug|Any CPU.ActiveCfg = Debug|Any CPU
		{393B6BB5-D4E1-4020-9AE5-6E0FCE8EEE99}.Debug|Any CPU.Build.0 = Debug|Any CPU
		{393B6BB5-D4E1-4020-9AE5-6E0FCE8EEE99}.Release|Any CPU.ActiveCfg = Release|Any CPU
		{393B6BB5-D4E1-4020-9AE5-6E0FCE8EEE99}.Release|Any CPU.Build.0 = Release|Any CPU
		{0F9BFB15-16C7-4C5E-8704-744EA9167D87}.Debug|Any CPU.ActiveCfg = Debug|Any CPU
		{0F9BFB15-16C7-4C5E-8704-744EA9167D87}.Debug|Any CPU.Build.0 = Debug|Any CPU
		{0F9BFB15-16C7-4C5E-8704-744EA9167D87}.Release|Any CPU.ActiveCfg = Release|Any CPU
		{0F9BFB15-16C7-4C5E-8704-744EA9167D87}.Release|Any CPU.Build.0 = Release|Any CPU
		{845E8548-B1A9-43F3-8E87-850FCDE246EF}.Debug|Any CPU.ActiveCfg = Debug|Any CPU
		{845E8548-B1A9-43F3-8E87-850FCDE246EF}.Debug|Any CPU.Build.0 = Debug|Any CPU
		{845E8548-B1A9-43F3-8E87-850FCDE246EF}.Release|Any CPU.ActiveCfg = Release|Any CPU
		{845E8548-B1A9-43F3-8E87-850FCDE246EF}.Release|Any CPU.Build.0 = Release|Any CPU
	EndGlobalSection
	GlobalSection(SolutionProperties) = preSolution
		HideSolutionNode = FALSE
	EndGlobalSection
	GlobalSection(ExtensibilityGlobals) = postSolution
		SolutionGuid = {A5B123A2-E3B5-4357-AC14-DF579382238C}
	EndGlobalSection
EndGlobal
