
Microsoft Visual Studio Solution File, Format Version 12.00
# Visual Studio Version 16
VisualStudioVersion = 16.0.29201.188
MinimumVisualStudioVersion = 10.0.40219.1
Project("{FAE04EC0-301F-11D3-BF4B-00C04F79EFBC}") = "SelfAspNet", "SelfAspNet\SelfAspNet.csproj", "{B2BA0D22-FAC1-4D5E-83CD-169C82213B96}"
EndProject
Project("{FAE04EC0-301F-11D3-BF4B-00C04F79EFBC}") = "SelfAspNetIdentity", "SelfAspNetIdentity\SelfAspNetIdentity.csproj", "{CBDC8F3E-FEE2-4D42-82FF-0155B99DD57A}"
EndProject
Project("{FAE04EC0-301F-11D3-BF4B-00C04F79EFBC}") = "SelfAspNetApi", "SelfAspNetApi\SelfAspNetApi.csproj", "{CC466264-9A55-4E38-8BFB-E8720D73436E}"
EndProject
Global
	GlobalSection(SolutionConfigurationPlatforms) = preSolution
		Debug|Any CPU = Debug|Any CPU
		Release|Any CPU = Release|Any CPU
	EndGlobalSection
	GlobalSection(ProjectConfigurationPlatforms) = postSolution
		{B2BA0D22-FAC1-4D5E-83CD-169C82213B96}.Debug|Any CPU.ActiveCfg = Debug|Any CPU
		{B2BA0D22-FAC1-4D5E-83CD-169C82213B96}.Debug|Any CPU.Build.0 = Debug|Any CPU
		{B2BA0D22-FAC1-4D5E-83CD-169C82213B96}.Release|Any CPU.ActiveCfg = Release|Any CPU
		{B2BA0D22-FAC1-4D5E-83CD-169C82213B96}.Release|Any CPU.Build.0 = Release|Any CPU
		{CBDC8F3E-FEE2-4D42-82FF-0155B99DD57A}.Debug|Any CPU.ActiveCfg = Debug|Any CPU
		{CBDC8F3E-FEE2-4D42-82FF-0155B99DD57A}.Debug|Any CPU.Build.0 = Debug|Any CPU
		{CBDC8F3E-FEE2-4D42-82FF-0155B99DD57A}.Release|Any CPU.ActiveCfg = Release|Any CPU
		{CBDC8F3E-FEE2-4D42-82FF-0155B99DD57A}.Release|Any CPU.Build.0 = Release|Any CPU
		{CC466264-9A55-4E38-8BFB-E8720D73436E}.Debug|Any CPU.ActiveCfg = Debug|Any CPU
		{CC466264-9A55-4E38-8BFB-E8720D73436E}.Debug|Any CPU.Build.0 = Debug|Any CPU
		{CC466264-9A55-4E38-8BFB-E8720D73436E}.Release|Any CPU.ActiveCfg = Release|Any CPU
		{CC466264-9A55-4E38-8BFB-E8720D73436E}.Release|Any CPU.Build.0 = Release|Any CPU
	EndGlobalSection
	GlobalSection(SolutionProperties) = preSolution
		HideSolutionNode = FALSE
	EndGlobalSection
	GlobalSection(ExtensibilityGlobals) = postSolution
		SolutionGuid = {BF698DA3-4485-4ED7-B576-3C43D008AA90}
	EndGlobalSection
EndGlobal
